{
  "version": 4,
  "terraform_version": "1.1.7",
  "serial": 54,
  "lineage": "a36be7db-3b80-b772-f814-c69ff4d59fd7",
  "outputs": {},
  "resources": [
    {
      "mode": "data",
      "type": "archive_file",
      "name": "source",
      "provider": "provider[\"registry.terraform.io/hashicorp/archive\"]",
      "instances": [
        {
          "schema_version": 0,
          "attributes": {
            "excludes": null,
            "id": "0a2df755fff024bfbd3207e348f4da411fb4af21",
            "output_base64sha256": "lgbUZfARKPlevUZz0bgQ5I+tuqRVe0BYJ0uHOZHAn94=",
            "output_file_mode": null,
            "output_md5": "7e51848bb1e2644326d87de2209ea5e2",
            "output_path": "/tmp/cloud_function.zip",
            "output_sha": "0a2df755fff024bfbd3207e348f4da411fb4af21",
            "output_size": 58736,
            "source": [],
            "source_content": null,
            "source_content_filename": null,
            "source_dir": "../cloud_function",
            "source_file": null,
            "type": "zip"
          },
          "sensitive_attributes": []
        }
      ]
    },
    {
      "mode": "managed",
      "type": "google_cloudfunctions_function",
      "name": "function",
      "provider": "provider[\"registry.terraform.io/hashicorp/google\"]",
      "instances": [
        {
          "schema_version": 0,
          "attributes": {
            "available_memory_mb": 256,
            "build_environment_variables": null,
            "description": "",
            "entry_point": "main",
            "environment_variables": null,
            "event_trigger": [
              {
                "event_type": "google.storage.object.finalize",
                "failure_policy": [
                  {
                    "retry": false
                  }
                ],
                "resource": "projects/lab2-wert-344421/buckets/lab2-wert-344421-input"
              }
            ],
            "https_trigger_url": null,
            "id": "projects/lab2-wert-344421/locations/europe-west1/functions/funcioncita",
            "ingress_settings": "ALLOW_ALL",
            "labels": null,
            "max_instances": 0,
            "min_instances": 0,
            "name": "funcioncita",
            "project": "lab2-wert-344421",
            "region": "europe-west1",
            "runtime": "python37",
            "secret_environment_variables": [],
            "secret_volumes": [],
            "service_account_email": "lab2-wert-344421@appspot.gserviceaccount.com",
            "source_archive_bucket": "lab2-wert-344421-function",
            "source_archive_object": "src-7e51848bb1e2644326d87de2209ea5e2.zip",
            "source_repository": [],
            "timeout": 60,
            "timeouts": null,
            "trigger_http": null,
            "vpc_connector": "",
            "vpc_connector_egress_settings": ""
          },
          "sensitive_attributes": [],
          "private": "eyJlMmJmYjczMC1lY2FhLTExZTYtOGY4OC0zNDM2M2JjN2M0YzAiOnsiY3JlYXRlIjozMDAwMDAwMDAwMDAsImRlbGV0ZSI6MzAwMDAwMDAwMDAwLCJyZWFkIjozMDAwMDAwMDAwMDAsInVwZGF0ZSI6MzAwMDAwMDAwMDAwfX0=",
          "dependencies": [
            "data.archive_file.source",
            "google_storage_bucket.function_bucket",
            "google_storage_bucket_object.zip"
          ]
        }
      ]
    },
    {
      "mode": "managed",
      "type": "google_storage_bucket",
      "name": "function_bucket",
      "provider": "provider[\"registry.terraform.io/hashicorp/google\"]",
      "instances": [
        {
          "schema_version": 0,
          "attributes": {
            "cors": [],
            "default_event_based_hold": false,
            "encryption": [],
            "force_destroy": false,
            "id": "lab2-wert-344421-function",
            "labels": null,
            "lifecycle_rule": [],
            "location": "EUROPE-WEST1",
            "logging": [],
            "name": "lab2-wert-344421-function",
            "project": "lab2-wert-344421",
            "requester_pays": false,
            "retention_policy": [],
            "self_link": "https://www.googleapis.com/storage/v1/b/lab2-wert-344421-function",
            "storage_class": "STANDARD",
            "timeouts": null,
            "uniform_bucket_level_access": false,
            "url": "gs://lab2-wert-344421-function",
            "versioning": [],
            "website": []
          },
          "sensitive_attributes": [],
          "private": "eyJlMmJmYjczMC1lY2FhLTExZTYtOGY4OC0zNDM2M2JjN2M0YzAiOnsiY3JlYXRlIjoyNDAwMDAwMDAwMDAsInJlYWQiOjI0MDAwMDAwMDAwMCwidXBkYXRlIjoyNDAwMDAwMDAwMDB9fQ=="
        }
      ]
    },
    {
      "mode": "managed",
      "type": "google_storage_bucket",
      "name": "input_bucket",
      "provider": "provider[\"registry.terraform.io/hashicorp/google\"]",
      "instances": [
        {
          "schema_version": 0,
          "attributes": {
            "cors": [],
            "default_event_based_hold": false,
            "encryption": [],
            "force_destroy": false,
            "id": "lab2-wert-344421-input",
            "labels": null,
            "lifecycle_rule": [],
            "location": "EUROPE-WEST1",
            "logging": [],
            "name": "lab2-wert-344421-input",
            "project": "lab2-wert-344421",
            "requester_pays": false,
            "retention_policy": [],
            "self_link": "https://www.googleapis.com/storage/v1/b/lab2-wert-344421-input",
            "storage_class": "STANDARD",
            "timeouts": null,
            "uniform_bucket_level_access": false,
            "url": "gs://lab2-wert-344421-input",
            "versioning": [],
            "website": []
          },
          "sensitive_attributes": [],
          "private": "eyJlMmJmYjczMC1lY2FhLTExZTYtOGY4OC0zNDM2M2JjN2M0YzAiOnsiY3JlYXRlIjoyNDAwMDAwMDAwMDAsInJlYWQiOjI0MDAwMDAwMDAwMCwidXBkYXRlIjoyNDAwMDAwMDAwMDB9fQ=="
        }
      ]
    },
    {
      "mode": "managed",
      "type": "google_storage_bucket_object",
      "name": "zip",
      "provider": "provider[\"registry.terraform.io/hashicorp/google\"]",
      "instances": [
        {
          "schema_version": 0,
          "attributes": {
            "bucket": "lab2-wert-344421-function",
            "cache_control": "",
            "content": null,
            "content_disposition": "",
            "content_encoding": "",
            "content_language": "",
            "content_type": "application/zip",
            "crc32c": "bMUOzw==",
            "customer_encryption": [],
            "detect_md5hash": "flGEi7HiZEMm2H3iIJ6l4g==",
            "event_based_hold": false,
            "id": "lab2-wert-344421-function-src-7e51848bb1e2644326d87de2209ea5e2.zip",
            "kms_key_name": "",
            "md5hash": "flGEi7HiZEMm2H3iIJ6l4g==",
            "media_link": "https://storage.googleapis.com/download/storage/v1/b/lab2-wert-344421-function/o/src-7e51848bb1e2644326d87de2209ea5e2.zip?generation=1650010439818645\u0026alt=media",
            "metadata": null,
            "name": "src-7e51848bb1e2644326d87de2209ea5e2.zip",
            "output_name": "src-7e51848bb1e2644326d87de2209ea5e2.zip",
            "self_link": "https://www.googleapis.com/storage/v1/b/lab2-wert-344421-function/o/src-7e51848bb1e2644326d87de2209ea5e2.zip",
            "source": "/tmp/cloud_function.zip",
            "storage_class": "STANDARD",
            "temporary_hold": false,
            "timeouts": null
          },
          "sensitive_attributes": [],
          "private": "eyJlMmJmYjczMC1lY2FhLTExZTYtOGY4OC0zNDM2M2JjN2M0YzAiOnsiY3JlYXRlIjoyNDAwMDAwMDAwMDAsImRlbGV0ZSI6MjQwMDAwMDAwMDAwLCJ1cGRhdGUiOjI0MDAwMDAwMDAwMH19",
          "dependencies": [
            "data.archive_file.source",
            "google_storage_bucket.function_bucket"
          ]
        }
      ]
    }
  ]
}
